
Microsoft Visual Studio Solution File, Format Version 12.00
# Visual Studio 15
VisualStudioVersion = 15.0.26730.15
MinimumVisualStudioVersion = 10.0.40219.1
Project("{8BC9CEB8-8B4A-11D0-8D11-00A0C91BC942}") = "TP1", "TP1.vcxproj", "{912D3647-E6D8-4742-8290-6DAABE6B4A8E}"
EndProject
Project("{8BC9CEB8-8B4A-11D0-8D11-00A0C91BC942}") = "TP2", "..\TP2\TP2.vcxproj", "{7C3E9D9F-DE05-4417-A7C7-ACC6DE57BBB5}"
EndProject
Global
	GlobalSection(SolutionConfigurationPlatforms) = preSolution
		Debug|x64 = Debug|x64
		Debug|x86 = Debug|x86
		Release|x64 = Release|x64
		Release|x86 = Release|x86
	EndGlobalSection
	GlobalSection(ProjectConfigurationPlatforms) = postSolution
		{912D3647-E6D8-4742-8290-6DAABE6B4A8E}.Debug|x64.ActiveCfg = Debug|x64
		{912D3647-E6D8-4742-8290-6DAABE6B4A8E}.Debug|x64.Build.0 = Debug|x64
		{912D3647-E6D8-4742-8290-6DAABE6B4A8E}.Debug|x86.ActiveCfg = Debug|Win32
		{912D3647-E6D8-4742-8290-6DAABE6B4A8E}.Debug|x86.Build.0 = Debug|Win32
		{912D3647-E6D8-4742-8290-6DAABE6B4A8E}.Release|x64.ActiveCfg = Release|x64
		{912D3647-E6D8-4742-8290-6DAABE6B4A8E}.Release|x64.Build.0 = Release|x64
		{912D3647-E6D8-4742-8290-6DAABE6B4A8E}.Release|x86.ActiveCfg = Release|Win32
		{912D3647-E6D8-4742-8290-6DAABE6B4A8E}.Release|x86.Build.0 = Release|Win32
		{7C3E9D9F-DE05-4417-A7C7-ACC6DE57BBB5}.Debug|x64.ActiveCfg = Debug|x64
		{7C3E9D9F-DE05-4417-A7C7-ACC6DE57BBB5}.Debug|x64.Build.0 = Debug|x64
		{7C3E9D9F-DE05-4417-A7C7-ACC6DE57BBB5}.Debug|x86.ActiveCfg = Debug|Win32
		{7C3E9D9F-DE05-4417-A7C7-ACC6DE57BBB5}.Debug|x86.Build.0 = Debug|Win32
		{7C3E9D9F-DE05-4417-A7C7-ACC6DE57BBB5}.Release|x64.ActiveCfg = Release|x64
		{7C3E9D9F-DE05-4417-A7C7-ACC6DE57BBB5}.Release|x64.Build.0 = Release|x64
		{7C3E9D9F-DE05-4417-A7C7-ACC6DE57BBB5}.Release|x86.ActiveCfg = Release|Win32
		{7C3E9D9F-DE05-4417-A7C7-ACC6DE57BBB5}.Release|x86.Build.0 = Release|Win32
	EndGlobalSection
	GlobalSection(SolutionProperties) = preSolution
		HideSolutionNode = FALSE
	EndGlobalSection
	GlobalSection(ExtensibilityGlobals) = postSolution
		SolutionGuid = {59B3F819-11BA-416B-9E36-134902640209}
	EndGlobalSection
EndGlobal
